
Microsoft Visual Studio Solution File, Format Version 12.00
# Visual Studio 14
VisualStudioVersion = 14.0.25123.0
MinimumVisualStudioVersion = 10.0.40219.1
Project("{FAE04EC0-301F-11D3-BF4B-00C04F79EFBC}") = "Server", "HLyaa\Server.csproj", "{5B20081C-38E7-4492-BB36-11F35DD2F8EC}"
EndProject
Project("{FAE04EC0-301F-11D3-BF4B-00C04F79EFBC}") = "Domain", "Domain\Domain.csproj", "{2DD1C535-C5D1-46CD-9B1B-FEA3864B52BE}"
EndProject
Project("{FAE04EC0-301F-11D3-BF4B-00C04F79EFBC}") = "Logger", "ClassLibrary1\Logger.csproj", "{9225067C-4A79-49AE-AEDA-EB1A521246F1}"
EndProject
Global
	GlobalSection(SolutionConfigurationPlatforms) = preSolution
		Debug|Any CPU = Debug|Any CPU
		Debug|x64 = Debug|x64
		Debug|x86 = Debug|x86
		Release|Any CPU = Release|Any CPU
		Release|x64 = Release|x64
		Release|x86 = Release|x86
	EndGlobalSection
	GlobalSection(ProjectConfigurationPlatforms) = postSolution
		{5B20081C-38E7-4492-BB36-11F35DD2F8EC}.Debug|Any CPU.ActiveCfg = Debug|Any CPU
		{5B20081C-38E7-4492-BB36-11F35DD2F8EC}.Debug|Any CPU.Build.0 = Debug|Any CPU
		{5B20081C-38E7-4492-BB36-11F35DD2F8EC}.Debug|x64.ActiveCfg = Debug|Any CPU
		{5B20081C-38E7-4492-BB36-11F35DD2F8EC}.Debug|x64.Build.0 = Debug|Any CPU
		{5B20081C-38E7-4492-BB36-11F35DD2F8EC}.Debug|x86.ActiveCfg = Debug|Any CPU
		{5B20081C-38E7-4492-BB36-11F35DD2F8EC}.Debug|x86.Build.0 = Debug|Any CPU
		{5B20081C-38E7-4492-BB36-11F35DD2F8EC}.Release|Any CPU.ActiveCfg = Release|Any CPU
		{5B20081C-38E7-4492-BB36-11F35DD2F8EC}.Release|Any CPU.Build.0 = Release|Any CPU
		{5B20081C-38E7-4492-BB36-11F35DD2F8EC}.Release|x64.ActiveCfg = Release|Any CPU
		{5B20081C-38E7-4492-BB36-11F35DD2F8EC}.Release|x64.Build.0 = Release|Any CPU
		{5B20081C-38E7-4492-BB36-11F35DD2F8EC}.Release|x86.ActiveCfg = Release|Any CPU
		{5B20081C-38E7-4492-BB36-11F35DD2F8EC}.Release|x86.Build.0 = Release|Any CPU
		{2DD1C535-C5D1-46CD-9B1B-FEA3864B52BE}.Debug|Any CPU.ActiveCfg = Debug|Any CPU
		{2DD1C535-C5D1-46CD-9B1B-FEA3864B52BE}.Debug|Any CPU.Build.0 = Debug|Any CPU
		{2DD1C535-C5D1-46CD-9B1B-FEA3864B52BE}.Debug|x64.ActiveCfg = Debug|Any CPU
		{2DD1C535-C5D1-46CD-9B1B-FEA3864B52BE}.Debug|x64.Build.0 = Debug|Any CPU
		{2DD1C535-C5D1-46CD-9B1B-FEA3864B52BE}.Debug|x86.ActiveCfg = Debug|Any CPU
		{2DD1C535-C5D1-46CD-9B1B-FEA3864B52BE}.Debug|x86.Build.0 = Debug|Any CPU
		{2DD1C535-C5D1-46CD-9B1B-FEA3864B52BE}.Release|Any CPU.ActiveCfg = Release|Any CPU
		{2DD1C535-C5D1-46CD-9B1B-FEA3864B52BE}.Release|Any CPU.Build.0 = Release|Any CPU
		{2DD1C535-C5D1-46CD-9B1B-FEA3864B52BE}.Release|x64.ActiveCfg = Release|Any CPU
		{2DD1C535-C5D1-46CD-9B1B-FEA3864B52BE}.Release|x64.Build.0 = Release|Any CPU
		{2DD1C535-C5D1-46CD-9B1B-FEA3864B52BE}.Release|x86.ActiveCfg = Release|Any CPU
		{2DD1C535-C5D1-46CD-9B1B-FEA3864B52BE}.Release|x86.Build.0 = Release|Any CPU
		{9225067C-4A79-49AE-AEDA-EB1A521246F1}.Debug|Any CPU.ActiveCfg = Debug|Any CPU
		{9225067C-4A79-49AE-AEDA-EB1A521246F1}.Debug|Any CPU.Build.0 = Debug|Any CPU
		{9225067C-4A79-49AE-AEDA-EB1A521246F1}.Debug|x64.ActiveCfg = Debug|Any CPU
		{9225067C-4A79-49AE-AEDA-EB1A521246F1}.Debug|x64.Build.0 = Debug|Any CPU
		{9225067C-4A79-49AE-AEDA-EB1A521246F1}.Debug|x86.ActiveCfg = Debug|Any CPU
		{9225067C-4A79-49AE-AEDA-EB1A521246F1}.Debug|x86.Build.0 = Debug|Any CPU
		{9225067C-4A79-49AE-AEDA-EB1A521246F1}.Release|Any CPU.ActiveCfg = Release|Any CPU
		{9225067C-4A79-49AE-AEDA-EB1A521246F1}.Release|Any CPU.Build.0 = Release|Any CPU
		{9225067C-4A79-49AE-AEDA-EB1A521246F1}.Release|x64.ActiveCfg = Release|Any CPU
		{9225067C-4A79-49AE-AEDA-EB1A521246F1}.Release|x64.Build.0 = Release|Any CPU
		{9225067C-4A79-49AE-AEDA-EB1A521246F1}.Release|x86.ActiveCfg = Release|Any CPU
		{9225067C-4A79-49AE-AEDA-EB1A521246F1}.Release|x86.Build.0 = Release|Any CPU
	EndGlobalSection
	GlobalSection(SolutionProperties) = preSolution
		HideSolutionNode = FALSE
	EndGlobalSection
EndGlobal
